// !$*UTF8*$!
{
	archiveVersion = 1;
	classes = {
	};
	objectVersion = 56;
	objects = {

/* Begin PBXBuildFile section */
		C009043A2A0C089A008E31BA /* AppDelegate.swift in Sources */ = {isa = PBXBuildFile; fileRef = C00904392A0C089A008E31BA /* AppDelegate.swift */; };
		C009043C2A0C089A008E31BA /* SceneDelegate.swift in Sources */ = {isa = PBXBuildFile; fileRef = C009043B2A0C089A008E31BA /* SceneDelegate.swift */; };
		C00904432A0C089B008E31BA /* Assets.xcassets in Resources */ = {isa = PBXBuildFile; fileRef = C00904422A0C089B008E31BA /* Assets.xcassets */; };
		C00904462A0C089B008E31BA /* LaunchScreen.storyboard in Resources */ = {isa = PBXBuildFile; fileRef = C00904442A0C089B008E31BA /* LaunchScreen.storyboard */; };
		C00904BA2A0CAB16008E31BA /* PostsLoader.swift in Sources */ = {isa = PBXBuildFile; fileRef = C00904B92A0CAB16008E31BA /* PostsLoader.swift */; };
		C00904BC2A0CAB25008E31BA /* PostsRemoteLoader.swift in Sources */ = {isa = PBXBuildFile; fileRef = C00904BB2A0CAB25008E31BA /* PostsRemoteLoader.swift */; };
		C00904BE2A0CAB31008E31BA /* ProductsLoader.swift in Sources */ = {isa = PBXBuildFile; fileRef = C00904BD2A0CAB31008E31BA /* ProductsLoader.swift */; };
		C00904C02A0CAB3C008E31BA /* ProductsRemoteLoader.swift in Sources */ = {isa = PBXBuildFile; fileRef = C00904BF2A0CAB3C008E31BA /* ProductsRemoteLoader.swift */; };
		C00904C22A0CAB47008E31BA /* UsersLoader.swift in Sources */ = {isa = PBXBuildFile; fileRef = C00904C12A0CAB47008E31BA /* UsersLoader.swift */; };
		C00904C42A0CAB55008E31BA /* UsersRemoteLoader.swift in Sources */ = {isa = PBXBuildFile; fileRef = C00904C32A0CAB55008E31BA /* UsersRemoteLoader.swift */; };
		C00904C72A0CAB71008E31BA /* HTTPClient.swift in Sources */ = {isa = PBXBuildFile; fileRef = C00904C62A0CAB71008E31BA /* HTTPClient.swift */; };
		C00904C92A0CAB79008E31BA /* URLSessionHTTPClient.swift in Sources */ = {isa = PBXBuildFile; fileRef = C00904C82A0CAB79008E31BA /* URLSessionHTTPClient.swift */; };
		C00904CC2A0CABFA008E31BA /* PostResultsModel.swift in Sources */ = {isa = PBXBuildFile; fileRef = C00904CB2A0CABFA008E31BA /* PostResultsModel.swift */; };
		C00904CE2A0CAD11008E31BA /* ProductResultsModel.swift in Sources */ = {isa = PBXBuildFile; fileRef = C00904CD2A0CAD11008E31BA /* ProductResultsModel.swift */; };
		C00904D02A0CAD57008E31BA /* UserResultsModel.swift in Sources */ = {isa = PBXBuildFile; fileRef = C00904CF2A0CAD57008E31BA /* UserResultsModel.swift */; };
		C00904D52A0CAF15008E31BA /* users.json in Resources */ = {isa = PBXBuildFile; fileRef = C00904D42A0CAF15008E31BA /* users.json */; };
		C00904D72A0CAF4F008E31BA /* products.json in Resources */ = {isa = PBXBuildFile; fileRef = C00904D62A0CAF4F008E31BA /* products.json */; };
		C00904D92A0CAF63008E31BA /* posts.json in Resources */ = {isa = PBXBuildFile; fileRef = C00904D82A0CAF63008E31BA /* posts.json */; };
		C00904DB2A0CAF88008E31BA /* HTTPClientFake.swift in Sources */ = {isa = PBXBuildFile; fileRef = C00904DA2A0CAF88008E31BA /* HTTPClientFake.swift */; };
		C00904DD2A0CB42A008E31BA /* PostsRemoteItemMapper.swift in Sources */ = {isa = PBXBuildFile; fileRef = C00904DC2A0CB42A008E31BA /* PostsRemoteItemMapper.swift */; };
		C00904DF2A0CB440008E31BA /* RemotePostItem.swift in Sources */ = {isa = PBXBuildFile; fileRef = C00904DE2A0CB440008E31BA /* RemotePostItem.swift */; };
		C00904E12A0CBDCC008E31BA /* ProductsRemoteItemMapper.swift in Sources */ = {isa = PBXBuildFile; fileRef = C00904E02A0CBDCC008E31BA /* ProductsRemoteItemMapper.swift */; };
		C00904E32A0CBE08008E31BA /* RemoteProductItem.swift in Sources */ = {isa = PBXBuildFile; fileRef = C00904E22A0CBE08008E31BA /* RemoteProductItem.swift */; };
		C00904E52A0CC084008E31BA /* UsersRemoteItemMapper.swift in Sources */ = {isa = PBXBuildFile; fileRef = C00904E42A0CC084008E31BA /* UsersRemoteItemMapper.swift */; };
		C00904E72A0CC0B8008E31BA /* RemoteUserItem.swift in Sources */ = {isa = PBXBuildFile; fileRef = C00904E62A0CC0B8008E31BA /* RemoteUserItem.swift */; };
		C00904EE2A0CC3CC008E31BA /* MainUIComposer.swift in Sources */ = {isa = PBXBuildFile; fileRef = C00904ED2A0CC3CC008E31BA /* MainUIComposer.swift */; };
		C00904F12A0CC592008E31BA /* MainViewController.swift in Sources */ = {isa = PBXBuildFile; fileRef = C00904EF2A0CC592008E31BA /* MainViewController.swift */; };
		C00904F22A0CC592008E31BA /* MainViewController.xib in Resources */ = {isa = PBXBuildFile; fileRef = C00904F02A0CC592008E31BA /* MainViewController.xib */; };
		C00904F42A0CC635008E31BA /* MainLoaderPresentationAdapter.swift in Sources */ = {isa = PBXBuildFile; fileRef = C00904F32A0CC635008E31BA /* MainLoaderPresentationAdapter.swift */; };
		C00908602A0D42F8008E31BA /* MainServiceAdapterTests.swift in Sources */ = {isa = PBXBuildFile; fileRef = C009085F2A0D42F8008E31BA /* MainServiceAdapterTests.swift */; };
		C0AF766D2A0E1EAD00E7DC0A /* XCTestCase+MemoryLeakTracking.swift in Sources */ = {isa = PBXBuildFile; fileRef = C0AF766C2A0E1EAD00E7DC0A /* XCTestCase+MemoryLeakTracking.swift */; };
		C0AF766F2A0E41F700E7DC0A /* MainLoader.swift in Sources */ = {isa = PBXBuildFile; fileRef = C0AF766E2A0E41F700E7DC0A /* MainLoader.swift */; };
		C0AF76712A0E421700E7DC0A /* MainModel.swift in Sources */ = {isa = PBXBuildFile; fileRef = C0AF76702A0E421700E7DC0A /* MainModel.swift */; };
		C0AF76732A0E423D00E7DC0A /* MainLoaderAdapter.swift in Sources */ = {isa = PBXBuildFile; fileRef = C0AF76722A0E423D00E7DC0A /* MainLoaderAdapter.swift */; };
/* End PBXBuildFile section */

/* Begin PBXContainerItemProxy section */
		C00908612A0D42F8008E31BA /* PBXContainerItemProxy */ = {
			isa = PBXContainerItemProxy;
			containerPortal = C009042E2A0C089A008E31BA /* Project object */;
			proxyType = 1;
			remoteGlobalIDString = C00904352A0C089A008E31BA;
			remoteInfo = PopulationApp;
		};
/* End PBXContainerItemProxy section */

/* Begin PBXCopyFilesBuildPhase section */
		C00904B62A0C0FCF008E31BA /* Embed Frameworks */ = {
			isa = PBXCopyFilesBuildPhase;
			buildActionMask = 2147483647;
			dstPath = "";
			dstSubfolderSpec = 10;
			files = (
			);
			name = "Embed Frameworks";
			runOnlyForDeploymentPostprocessing = 0;
		};
/* End PBXCopyFilesBuildPhase section */

/* Begin PBXFileReference section */
		C00904362A0C089A008E31BA /* PopulationApp.app */ = {isa = PBXFileReference; explicitFileType = wrapper.application; includeInIndex = 0; path = PopulationApp.app; sourceTree = BUILT_PRODUCTS_DIR; };
		C00904392A0C089A008E31BA /* AppDelegate.swift */ = {isa = PBXFileReference; lastKnownFileType = sourcecode.swift; path = AppDelegate.swift; sourceTree = "<group>"; };
		C009043B2A0C089A008E31BA /* SceneDelegate.swift */ = {isa = PBXFileReference; lastKnownFileType = sourcecode.swift; path = SceneDelegate.swift; sourceTree = "<group>"; };
		C00904422A0C089B008E31BA /* Assets.xcassets */ = {isa = PBXFileReference; lastKnownFileType = folder.assetcatalog; path = Assets.xcassets; sourceTree = "<group>"; };
		C00904452A0C089B008E31BA /* Base */ = {isa = PBXFileReference; lastKnownFileType = file.storyboard; name = Base; path = Base.lproj/LaunchScreen.storyboard; sourceTree = "<group>"; };
		C00904472A0C089B008E31BA /* Info.plist */ = {isa = PBXFileReference; lastKnownFileType = text.plist.xml; path = Info.plist; sourceTree = "<group>"; };
		C00904B92A0CAB16008E31BA /* PostsLoader.swift */ = {isa = PBXFileReference; lastKnownFileType = sourcecode.swift; path = PostsLoader.swift; sourceTree = "<group>"; };
		C00904BB2A0CAB25008E31BA /* PostsRemoteLoader.swift */ = {isa = PBXFileReference; lastKnownFileType = sourcecode.swift; path = PostsRemoteLoader.swift; sourceTree = "<group>"; };
		C00904BD2A0CAB31008E31BA /* ProductsLoader.swift */ = {isa = PBXFileReference; lastKnownFileType = sourcecode.swift; path = ProductsLoader.swift; sourceTree = "<group>"; };
		C00904BF2A0CAB3C008E31BA /* ProductsRemoteLoader.swift */ = {isa = PBXFileReference; lastKnownFileType = sourcecode.swift; path = ProductsRemoteLoader.swift; sourceTree = "<group>"; };
		C00904C12A0CAB47008E31BA /* UsersLoader.swift */ = {isa = PBXFileReference; lastKnownFileType = sourcecode.swift; path = UsersLoader.swift; sourceTree = "<group>"; };
		C00904C32A0CAB55008E31BA /* UsersRemoteLoader.swift */ = {isa = PBXFileReference; lastKnownFileType = sourcecode.swift; path = UsersRemoteLoader.swift; sourceTree = "<group>"; };
		C00904C62A0CAB71008E31BA /* HTTPClient.swift */ = {isa = PBXFileReference; lastKnownFileType = sourcecode.swift; path = HTTPClient.swift; sourceTree = "<group>"; };
		C00904C82A0CAB79008E31BA /* URLSessionHTTPClient.swift */ = {isa = PBXFileReference; lastKnownFileType = sourcecode.swift; path = URLSessionHTTPClient.swift; sourceTree = "<group>"; };
		C00904CB2A0CABFA008E31BA /* PostResultsModel.swift */ = {isa = PBXFileReference; lastKnownFileType = sourcecode.swift; path = PostResultsModel.swift; sourceTree = "<group>"; };
		C00904CD2A0CAD11008E31BA /* ProductResultsModel.swift */ = {isa = PBXFileReference; lastKnownFileType = sourcecode.swift; path = ProductResultsModel.swift; sourceTree = "<group>"; };
		C00904CF2A0CAD57008E31BA /* UserResultsModel.swift */ = {isa = PBXFileReference; lastKnownFileType = sourcecode.swift; path = UserResultsModel.swift; sourceTree = "<group>"; };
		C00904D42A0CAF15008E31BA /* users.json */ = {isa = PBXFileReference; fileEncoding = 4; lastKnownFileType = text.json; path = users.json; sourceTree = "<group>"; };
		C00904D62A0CAF4F008E31BA /* products.json */ = {isa = PBXFileReference; fileEncoding = 4; lastKnownFileType = text.json; path = products.json; sourceTree = "<group>"; };
		C00904D82A0CAF63008E31BA /* posts.json */ = {isa = PBXFileReference; fileEncoding = 4; lastKnownFileType = text.json; path = posts.json; sourceTree = "<group>"; };
		C00904DA2A0CAF88008E31BA /* HTTPClientFake.swift */ = {isa = PBXFileReference; lastKnownFileType = sourcecode.swift; path = HTTPClientFake.swift; sourceTree = "<group>"; };
		C00904DC2A0CB42A008E31BA /* PostsRemoteItemMapper.swift */ = {isa = PBXFileReference; lastKnownFileType = sourcecode.swift; path = PostsRemoteItemMapper.swift; sourceTree = "<group>"; };
		C00904DE2A0CB440008E31BA /* RemotePostItem.swift */ = {isa = PBXFileReference; lastKnownFileType = sourcecode.swift; path = RemotePostItem.swift; sourceTree = "<group>"; };
		C00904E02A0CBDCC008E31BA /* ProductsRemoteItemMapper.swift */ = {isa = PBXFileReference; lastKnownFileType = sourcecode.swift; path = ProductsRemoteItemMapper.swift; sourceTree = "<group>"; };
		C00904E22A0CBE08008E31BA /* RemoteProductItem.swift */ = {isa = PBXFileReference; lastKnownFileType = sourcecode.swift; path = RemoteProductItem.swift; sourceTree = "<group>"; };
		C00904E42A0CC084008E31BA /* UsersRemoteItemMapper.swift */ = {isa = PBXFileReference; lastKnownFileType = sourcecode.swift; path = UsersRemoteItemMapper.swift; sourceTree = "<group>"; };
		C00904E62A0CC0B8008E31BA /* RemoteUserItem.swift */ = {isa = PBXFileReference; lastKnownFileType = sourcecode.swift; path = RemoteUserItem.swift; sourceTree = "<group>"; };
		C00904ED2A0CC3CC008E31BA /* MainUIComposer.swift */ = {isa = PBXFileReference; lastKnownFileType = sourcecode.swift; path = MainUIComposer.swift; sourceTree = "<group>"; };
		C00904EF2A0CC592008E31BA /* MainViewController.swift */ = {isa = PBXFileReference; lastKnownFileType = sourcecode.swift; path = MainViewController.swift; sourceTree = "<group>"; };
		C00904F02A0CC592008E31BA /* MainViewController.xib */ = {isa = PBXFileReference; lastKnownFileType = file.xib; path = MainViewController.xib; sourceTree = "<group>"; };
		C00904F32A0CC635008E31BA /* MainLoaderPresentationAdapter.swift */ = {isa = PBXFileReference; lastKnownFileType = sourcecode.swift; path = MainLoaderPresentationAdapter.swift; sourceTree = "<group>"; };
		C009085D2A0D42F8008E31BA /* PopulationAppTests.xctest */ = {isa = PBXFileReference; explicitFileType = wrapper.cfbundle; includeInIndex = 0; path = PopulationAppTests.xctest; sourceTree = BUILT_PRODUCTS_DIR; };
		C009085F2A0D42F8008E31BA /* MainServiceAdapterTests.swift */ = {isa = PBXFileReference; lastKnownFileType = sourcecode.swift; path = MainServiceAdapterTests.swift; sourceTree = "<group>"; };
		C0AF766C2A0E1EAD00E7DC0A /* XCTestCase+MemoryLeakTracking.swift */ = {isa = PBXFileReference; lastKnownFileType = sourcecode.swift; path = "XCTestCase+MemoryLeakTracking.swift"; sourceTree = "<group>"; };
		C0AF766E2A0E41F700E7DC0A /* MainLoader.swift */ = {isa = PBXFileReference; lastKnownFileType = sourcecode.swift; path = MainLoader.swift; sourceTree = "<group>"; };
		C0AF76702A0E421700E7DC0A /* MainModel.swift */ = {isa = PBXFileReference; lastKnownFileType = sourcecode.swift; path = MainModel.swift; sourceTree = "<group>"; };
		C0AF76722A0E423D00E7DC0A /* MainLoaderAdapter.swift */ = {isa = PBXFileReference; lastKnownFileType = sourcecode.swift; path = MainLoaderAdapter.swift; sourceTree = "<group>"; };
/* End PBXFileReference section */

/* Begin PBXFrameworksBuildPhase section */
		C00904332A0C089A008E31BA /* Frameworks */ = {
			isa = PBXFrameworksBuildPhase;
			buildActionMask = 2147483647;
			files = (
			);
			runOnlyForDeploymentPostprocessing = 0;
		};
		C009085A2A0D42F8008E31BA /* Frameworks */ = {
			isa = PBXFrameworksBuildPhase;
			buildActionMask = 2147483647;
			files = (
			);
			runOnlyForDeploymentPostprocessing = 0;
		};
/* End PBXFrameworksBuildPhase section */

/* Begin PBXGroup section */
		C009042D2A0C089A008E31BA = {
			isa = PBXGroup;
			children = (
				C00904382A0C089A008E31BA /* PopulationApp */,
				C009085E2A0D42F8008E31BA /* PopulationAppTests */,
				C00904372A0C089A008E31BA /* Products */,
				C009044D2A0C0BD6008E31BA /* Frameworks */,
			);
			sourceTree = "<group>";
		};
		C00904372A0C089A008E31BA /* Products */ = {
			isa = PBXGroup;
			children = (
				C00904362A0C089A008E31BA /* PopulationApp.app */,
				C009085D2A0D42F8008E31BA /* PopulationAppTests.xctest */,
			);
			name = Products;
			sourceTree = "<group>";
		};
		C00904382A0C089A008E31BA /* PopulationApp */ = {
			isa = PBXGroup;
			children = (
				C00904EC2A0CC3AB008E31BA /* ViewComposer */,
				C00904D12A0CAEC6008E31BA /* Jsons */,
				C00904CA2A0CAB9F008E31BA /* Models */,
				C00904C52A0CAB68008E31BA /* Shared API */,
				C00904B82A0CAB0C008E31BA /* API */,
				C00904B72A0CAAE3008E31BA /* Init */,
				C00904422A0C089B008E31BA /* Assets.xcassets */,
				C00904442A0C089B008E31BA /* LaunchScreen.storyboard */,
				C00904472A0C089B008E31BA /* Info.plist */,
				C00904F32A0CC635008E31BA /* MainLoaderPresentationAdapter.swift */,
			);
			path = PopulationApp;
			sourceTree = "<group>";
		};
		C009044D2A0C0BD6008E31BA /* Frameworks */ = {
			isa = PBXGroup;
			children = (
			);
			name = Frameworks;
			sourceTree = "<group>";
		};
		C00904B72A0CAAE3008E31BA /* Init */ = {
			isa = PBXGroup;
			children = (
				C00904392A0C089A008E31BA /* AppDelegate.swift */,
				C009043B2A0C089A008E31BA /* SceneDelegate.swift */,
			);
			path = Init;
			sourceTree = "<group>";
		};
		C00904B82A0CAB0C008E31BA /* API */ = {
			isa = PBXGroup;
			children = (
				C00904E92A0CC277008E31BA /* Protocols */,
				C00904E82A0CC26A008E31BA /* Mappers */,
				C00904EA2A0CC28A008E31BA /* Implementation */,
			);
			path = API;
			sourceTree = "<group>";
		};
		C00904C52A0CAB68008E31BA /* Shared API */ = {
			isa = PBXGroup;
			children = (
				C00904DA2A0CAF88008E31BA /* HTTPClientFake.swift */,
				C00904C62A0CAB71008E31BA /* HTTPClient.swift */,
				C00904C82A0CAB79008E31BA /* URLSessionHTTPClient.swift */,
			);
			path = "Shared API";
			sourceTree = "<group>";
		};
		C00904CA2A0CAB9F008E31BA /* Models */ = {
			isa = PBXGroup;
			children = (
				C00904CB2A0CABFA008E31BA /* PostResultsModel.swift */,
				C00904CD2A0CAD11008E31BA /* ProductResultsModel.swift */,
				C0AF76702A0E421700E7DC0A /* MainModel.swift */,
				C00904DE2A0CB440008E31BA /* RemotePostItem.swift */,
				C00904CF2A0CAD57008E31BA /* UserResultsModel.swift */,
				C00904E22A0CBE08008E31BA /* RemoteProductItem.swift */,
				C00904E62A0CC0B8008E31BA /* RemoteUserItem.swift */,
			);
			path = Models;
			sourceTree = "<group>";
		};
		C00904D12A0CAEC6008E31BA /* Jsons */ = {
			isa = PBXGroup;
			children = (
				C00904D82A0CAF63008E31BA /* posts.json */,
				C00904D62A0CAF4F008E31BA /* products.json */,
				C00904D42A0CAF15008E31BA /* users.json */,
			);
			path = Jsons;
			sourceTree = "<group>";
		};
		C00904E82A0CC26A008E31BA /* Mappers */ = {
			isa = PBXGroup;
			children = (
				C00904DC2A0CB42A008E31BA /* PostsRemoteItemMapper.swift */,
				C00904E02A0CBDCC008E31BA /* ProductsRemoteItemMapper.swift */,
				C00904E42A0CC084008E31BA /* UsersRemoteItemMapper.swift */,
			);
			path = Mappers;
			sourceTree = "<group>";
		};
		C00904E92A0CC277008E31BA /* Protocols */ = {
			isa = PBXGroup;
			children = (
				C00904B92A0CAB16008E31BA /* PostsLoader.swift */,
				C00904BD2A0CAB31008E31BA /* ProductsLoader.swift */,
				C0AF766E2A0E41F700E7DC0A /* MainLoader.swift */,
				C00904C12A0CAB47008E31BA /* UsersLoader.swift */,
			);
			path = Protocols;
			sourceTree = "<group>";
		};
		C00904EA2A0CC28A008E31BA /* Implementation */ = {
			isa = PBXGroup;
			children = (
				C00904BB2A0CAB25008E31BA /* PostsRemoteLoader.swift */,
				C0AF76722A0E423D00E7DC0A /* MainLoaderAdapter.swift */,
				C00904BF2A0CAB3C008E31BA /* ProductsRemoteLoader.swift */,
				C00904C32A0CAB55008E31BA /* UsersRemoteLoader.swift */,
			);
			path = Implementation;
			sourceTree = "<group>";
		};
		C00904EC2A0CC3AB008E31BA /* ViewComposer */ = {
			isa = PBXGroup;
			children = (
				C00904ED2A0CC3CC008E31BA /* MainUIComposer.swift */,
				C00904EF2A0CC592008E31BA /* MainViewController.swift */,
				C00904F02A0CC592008E31BA /* MainViewController.xib */,
			);
			path = ViewComposer;
			sourceTree = "<group>";
		};
		C009085E2A0D42F8008E31BA /* PopulationAppTests */ = {
			isa = PBXGroup;
			children = (
				C009085F2A0D42F8008E31BA /* MainServiceAdapterTests.swift */,
				C0AF766C2A0E1EAD00E7DC0A /* XCTestCase+MemoryLeakTracking.swift */,
			);
			path = PopulationAppTests;
			sourceTree = "<group>";
		};
/* End PBXGroup section */

/* Begin PBXNativeTarget section */
		C00904352A0C089A008E31BA /* PopulationApp */ = {
			isa = PBXNativeTarget;
			buildConfigurationList = C009044A2A0C089B008E31BA /* Build configuration list for PBXNativeTarget "PopulationApp" */;
			buildPhases = (
				C00904322A0C089A008E31BA /* Sources */,
				C00904332A0C089A008E31BA /* Frameworks */,
				C00904342A0C089A008E31BA /* Resources */,
				C00904B62A0C0FCF008E31BA /* Embed Frameworks */,
			);
			buildRules = (
			);
			dependencies = (
			);
			name = PopulationApp;
			productName = PopulationApp;
			productReference = C00904362A0C089A008E31BA /* PopulationApp.app */;
			productType = "com.apple.product-type.application";
		};
		C009085C2A0D42F8008E31BA /* PopulationAppTests */ = {
			isa = PBXNativeTarget;
			buildConfigurationList = C00908632A0D42F8008E31BA /* Build configuration list for PBXNativeTarget "PopulationAppTests" */;
			buildPhases = (
				C00908592A0D42F8008E31BA /* Sources */,
				C009085A2A0D42F8008E31BA /* Frameworks */,
				C009085B2A0D42F8008E31BA /* Resources */,
			);
			buildRules = (
			);
			dependencies = (
				C00908622A0D42F8008E31BA /* PBXTargetDependency */,
			);
			name = PopulationAppTests;
			productName = PopulationAppTests;
			productReference = C009085D2A0D42F8008E31BA /* PopulationAppTests.xctest */;
			productType = "com.apple.product-type.bundle.unit-test";
		};
/* End PBXNativeTarget section */

/* Begin PBXProject section */
		C009042E2A0C089A008E31BA /* Project object */ = {
			isa = PBXProject;
			attributes = {
				BuildIndependentTargetsInParallel = 1;
				LastSwiftUpdateCheck = 1420;
				LastUpgradeCheck = 1420;
				TargetAttributes = {
					C00904352A0C089A008E31BA = {
						CreatedOnToolsVersion = 14.2;
					};
					C009085C2A0D42F8008E31BA = {
						CreatedOnToolsVersion = 14.2;
						TestTargetID = C00904352A0C089A008E31BA;
					};
				};
			};
			buildConfigurationList = C00904312A0C089A008E31BA /* Build configuration list for PBXProject "PopulationApp" */;
			compatibilityVersion = "Xcode 14.0";
			developmentRegion = en;
			hasScannedForEncodings = 0;
			knownRegions = (
				en,
				Base,
			);
			mainGroup = C009042D2A0C089A008E31BA;
			productRefGroup = C00904372A0C089A008E31BA /* Products */;
			projectDirPath = "";
			projectRoot = "";
			targets = (
				C00904352A0C089A008E31BA /* PopulationApp */,
				C009085C2A0D42F8008E31BA /* PopulationAppTests */,
			);
		};
/* End PBXProject section */

/* Begin PBXResourcesBuildPhase section */
		C00904342A0C089A008E31BA /* Resources */ = {
			isa = PBXResourcesBuildPhase;
			buildActionMask = 2147483647;
			files = (
				C00904D52A0CAF15008E31BA /* users.json in Resources */,
				C00904F22A0CC592008E31BA /* MainViewController.xib in Resources */,
				C00904D92A0CAF63008E31BA /* posts.json in Resources */,
				C00904D72A0CAF4F008E31BA /* products.json in Resources */,
				C00904462A0C089B008E31BA /* LaunchScreen.storyboard in Resources */,
				C00904432A0C089B008E31BA /* Assets.xcassets in Resources */,
			);
			runOnlyForDeploymentPostprocessing = 0;
		};
		C009085B2A0D42F8008E31BA /* Resources */ = {
			isa = PBXResourcesBuildPhase;
			buildActionMask = 2147483647;
			files = (
			);
			runOnlyForDeploymentPostprocessing = 0;
		};
/* End PBXResourcesBuildPhase section */

/* Begin PBXSourcesBuildPhase section */
		C00904322A0C089A008E31BA /* Sources */ = {
			isa = PBXSourcesBuildPhase;
			buildActionMask = 2147483647;
			files = (
				C00904C02A0CAB3C008E31BA /* ProductsRemoteLoader.swift in Sources */,
				C00904F12A0CC592008E31BA /* MainViewController.swift in Sources */,
				C00904EE2A0CC3CC008E31BA /* MainUIComposer.swift in Sources */,
				C0AF76712A0E421700E7DC0A /* MainModel.swift in Sources */,
				C00904C92A0CAB79008E31BA /* URLSessionHTTPClient.swift in Sources */,
				C00904CC2A0CABFA008E31BA /* PostResultsModel.swift in Sources */,
				C00904BE2A0CAB31008E31BA /* ProductsLoader.swift in Sources */,
				C00904F42A0CC635008E31BA /* MainLoaderPresentationAdapter.swift in Sources */,
				C0AF766F2A0E41F700E7DC0A /* MainLoader.swift in Sources */,
				C00904DD2A0CB42A008E31BA /* PostsRemoteItemMapper.swift in Sources */,
				C00904E12A0CBDCC008E31BA /* ProductsRemoteItemMapper.swift in Sources */,
				C00904CE2A0CAD11008E31BA /* ProductResultsModel.swift in Sources */,
				C00904C22A0CAB47008E31BA /* UsersLoader.swift in Sources */,
				C00904BA2A0CAB16008E31BA /* PostsLoader.swift in Sources */,
				C009043A2A0C089A008E31BA /* AppDelegate.swift in Sources */,
				C0AF76732A0E423D00E7DC0A /* MainLoaderAdapter.swift in Sources */,
				C00904E32A0CBE08008E31BA /* RemoteProductItem.swift in Sources */,
				C00904C72A0CAB71008E31BA /* HTTPClient.swift in Sources */,
				C00904DB2A0CAF88008E31BA /* HTTPClientFake.swift in Sources */,
				C00904E72A0CC0B8008E31BA /* RemoteUserItem.swift in Sources */,
				C00904BC2A0CAB25008E31BA /* PostsRemoteLoader.swift in Sources */,
				C00904D02A0CAD57008E31BA /* UserResultsModel.swift in Sources */,
				C00904E52A0CC084008E31BA /* UsersRemoteItemMapper.swift in Sources */,
				C009043C2A0C089A008E31BA /* SceneDelegate.swift in Sources */,
				C00904C42A0CAB55008E31BA /* UsersRemoteLoader.swift in Sources */,
				C00904DF2A0CB440008E31BA /* RemotePostItem.swift in Sources */,
			);
			runOnlyForDeploymentPostprocessing = 0;
		};
		C00908592A0D42F8008E31BA /* Sources */ = {
			isa = PBXSourcesBuildPhase;
			buildActionMask = 2147483647;
			files = (
				C00908602A0D42F8008E31BA /* MainServiceAdapterTests.swift in Sources */,
				C0AF766D2A0E1EAD00E7DC0A /* XCTestCase+MemoryLeakTracking.swift in Sources */,
			);
			runOnlyForDeploymentPostprocessing = 0;
		};
/* End PBXSourcesBuildPhase section */

/* Begin PBXTargetDependency section */
		C00908622A0D42F8008E31BA /* PBXTargetDependency */ = {
			isa = PBXTargetDependency;
			target = C00904352A0C089A008E31BA /* PopulationApp */;
			targetProxy = C00908612A0D42F8008E31BA /* PBXContainerItemProxy */;
		};
/* End PBXTargetDependency section */

/* Begin PBXVariantGroup section */
		C00904442A0C089B008E31BA /* LaunchScreen.storyboard */ = {
			isa = PBXVariantGroup;
			children = (
				C00904452A0C089B008E31BA /* Base */,
			);
			name = LaunchScreen.storyboard;
			sourceTree = "<group>";
		};
/* End PBXVariantGroup section */

/* Begin XCBuildConfiguration section */
		C00904482A0C089B008E31BA /* Debug */ = {
			isa = XCBuildConfiguration;
			buildSettings = {
				ALWAYS_SEARCH_USER_PATHS = NO;
				CLANG_ANALYZER_NONNULL = YES;
				CLANG_ANALYZER_NUMBER_OBJECT_CONVERSION = YES_AGGRESSIVE;
				CLANG_CXX_LANGUAGE_STANDARD = "gnu++20";
				CLANG_ENABLE_MODULES = YES;
				CLANG_ENABLE_OBJC_ARC = YES;
				CLANG_ENABLE_OBJC_WEAK = YES;
				CLANG_WARN_BLOCK_CAPTURE_AUTORELEASING = YES;
				CLANG_WARN_BOOL_CONVERSION = YES;
				CLANG_WARN_COMMA = YES;
				CLANG_WARN_CONSTANT_CONVERSION = YES;
				CLANG_WARN_DEPRECATED_OBJC_IMPLEMENTATIONS = YES;
				CLANG_WARN_DIRECT_OBJC_ISA_USAGE = YES_ERROR;
				CLANG_WARN_DOCUMENTATION_COMMENTS = YES;
				CLANG_WARN_EMPTY_BODY = YES;
				CLANG_WARN_ENUM_CONVERSION = YES;
				CLANG_WARN_INFINITE_RECURSION = YES;
				CLANG_WARN_INT_CONVERSION = YES;
				CLANG_WARN_NON_LITERAL_NULL_CONVERSION = YES;
				CLANG_WARN_OBJC_IMPLICIT_RETAIN_SELF = YES;
				CLANG_WARN_OBJC_LITERAL_CONVERSION = YES;
				CLANG_WARN_OBJC_ROOT_CLASS = YES_ERROR;
				CLANG_WARN_QUOTED_INCLUDE_IN_FRAMEWORK_HEADER = YES;
				CLANG_WARN_RANGE_LOOP_ANALYSIS = YES;
				CLANG_WARN_STRICT_PROTOTYPES = YES;
				CLANG_WARN_SUSPICIOUS_MOVE = YES;
				CLANG_WARN_UNGUARDED_AVAILABILITY = YES_AGGRESSIVE;
				CLANG_WARN_UNREACHABLE_CODE = YES;
				CLANG_WARN__DUPLICATE_METHOD_MATCH = YES;
				COPY_PHASE_STRIP = NO;
				DEBUG_INFORMATION_FORMAT = dwarf;
				ENABLE_STRICT_OBJC_MSGSEND = YES;
				ENABLE_TESTABILITY = YES;
				GCC_C_LANGUAGE_STANDARD = gnu11;
				GCC_DYNAMIC_NO_PIC = NO;
				GCC_NO_COMMON_BLOCKS = YES;
				GCC_OPTIMIZATION_LEVEL = 0;
				GCC_PREPROCESSOR_DEFINITIONS = (
					"DEBUG=1",
					"$(inherited)",
				);
				GCC_WARN_64_TO_32_BIT_CONVERSION = YES;
				GCC_WARN_ABOUT_RETURN_TYPE = YES_ERROR;
				GCC_WARN_UNDECLARED_SELECTOR = YES;
				GCC_WARN_UNINITIALIZED_AUTOS = YES_AGGRESSIVE;
				GCC_WARN_UNUSED_FUNCTION = YES;
				GCC_WARN_UNUSED_VARIABLE = YES;
				IPHONEOS_DEPLOYMENT_TARGET = 16.2;
				MTL_ENABLE_DEBUG_INFO = INCLUDE_SOURCE;
				MTL_FAST_MATH = YES;
				ONLY_ACTIVE_ARCH = YES;
				SDKROOT = iphoneos;
				SWIFT_ACTIVE_COMPILATION_CONDITIONS = DEBUG;
				SWIFT_OPTIMIZATION_LEVEL = "-Onone";
			};
			name = Debug;
		};
		C00904492A0C089B008E31BA /* Release */ = {
			isa = XCBuildConfiguration;
			buildSettings = {
				ALWAYS_SEARCH_USER_PATHS = NO;
				CLANG_ANALYZER_NONNULL = YES;
				CLANG_ANALYZER_NUMBER_OBJECT_CONVERSION = YES_AGGRESSIVE;
				CLANG_CXX_LANGUAGE_STANDARD = "gnu++20";
				CLANG_ENABLE_MODULES = YES;
				CLANG_ENABLE_OBJC_ARC = YES;
				CLANG_ENABLE_OBJC_WEAK = YES;
				CLANG_WARN_BLOCK_CAPTURE_AUTORELEASING = YES;
				CLANG_WARN_BOOL_CONVERSION = YES;
				CLANG_WARN_COMMA = YES;
				CLANG_WARN_CONSTANT_CONVERSION = YES;
				CLANG_WARN_DEPRECATED_OBJC_IMPLEMENTATIONS = YES;
				CLANG_WARN_DIRECT_OBJC_ISA_USAGE = YES_ERROR;
				CLANG_WARN_DOCUMENTATION_COMMENTS = YES;
				CLANG_WARN_EMPTY_BODY = YES;
				CLANG_WARN_ENUM_CONVERSION = YES;
				CLANG_WARN_INFINITE_RECURSION = YES;
				CLANG_WARN_INT_CONVERSION = YES;
				CLANG_WARN_NON_LITERAL_NULL_CONVERSION = YES;
				CLANG_WARN_OBJC_IMPLICIT_RETAIN_SELF = YES;
				CLANG_WARN_OBJC_LITERAL_CONVERSION = YES;
				CLANG_WARN_OBJC_ROOT_CLASS = YES_ERROR;
				CLANG_WARN_QUOTED_INCLUDE_IN_FRAMEWORK_HEADER = YES;
				CLANG_WARN_RANGE_LOOP_ANALYSIS = YES;
				CLANG_WARN_STRICT_PROTOTYPES = YES;
				CLANG_WARN_SUSPICIOUS_MOVE = YES;
				CLANG_WARN_UNGUARDED_AVAILABILITY = YES_AGGRESSIVE;
				CLANG_WARN_UNREACHABLE_CODE = YES;
				CLANG_WARN__DUPLICATE_METHOD_MATCH = YES;
				COPY_PHASE_STRIP = NO;
				DEBUG_INFORMATION_FORMAT = "dwarf-with-dsym";
				ENABLE_NS_ASSERTIONS = NO;
				ENABLE_STRICT_OBJC_MSGSEND = YES;
				GCC_C_LANGUAGE_STANDARD = gnu11;
				GCC_NO_COMMON_BLOCKS = YES;
				GCC_WARN_64_TO_32_BIT_CONVERSION = YES;
				GCC_WARN_ABOUT_RETURN_TYPE = YES_ERROR;
				GCC_WARN_UNDECLARED_SELECTOR = YES;
				GCC_WARN_UNINITIALIZED_AUTOS = YES_AGGRESSIVE;
				GCC_WARN_UNUSED_FUNCTION = YES;
				GCC_WARN_UNUSED_VARIABLE = YES;
				IPHONEOS_DEPLOYMENT_TARGET = 16.2;
				MTL_ENABLE_DEBUG_INFO = NO;
				MTL_FAST_MATH = YES;
				SDKROOT = iphoneos;
				SWIFT_COMPILATION_MODE = wholemodule;
				SWIFT_OPTIMIZATION_LEVEL = "-O";
				VALIDATE_PRODUCT = YES;
			};
			name = Release;
		};
		C009044B2A0C089B008E31BA /* Debug */ = {
			isa = XCBuildConfiguration;
			buildSettings = {
				ASSETCATALOG_COMPILER_APPICON_NAME = AppIcon;
				ASSETCATALOG_COMPILER_GLOBAL_ACCENT_COLOR_NAME = AccentColor;
				CODE_SIGN_STYLE = Automatic;
				CURRENT_PROJECT_VERSION = 1;
				DEVELOPMENT_TEAM = 5J2G4846S8;
				GENERATE_INFOPLIST_FILE = YES;
				INFOPLIST_FILE = PopulationApp/Info.plist;
				INFOPLIST_KEY_UIApplicationSupportsIndirectInputEvents = YES;
				INFOPLIST_KEY_UILaunchStoryboardName = LaunchScreen;
				INFOPLIST_KEY_UISupportedInterfaceOrientations_iPad = "UIInterfaceOrientationPortrait UIInterfaceOrientationPortraitUpsideDown UIInterfaceOrientationLandscapeLeft UIInterfaceOrientationLandscapeRight";
				INFOPLIST_KEY_UISupportedInterfaceOrientations_iPhone = "UIInterfaceOrientationPortrait UIInterfaceOrientationLandscapeLeft UIInterfaceOrientationLandscapeRight";
				LD_RUNPATH_SEARCH_PATHS = (
					"$(inherited)",
					"@executable_path/Frameworks",
				);
				MARKETING_VERSION = 1.0;
				PRODUCT_BUNDLE_IDENTIFIER = "alancasasarevalo-gmail.com.PopulationApp";
				PRODUCT_NAME = "$(TARGET_NAME)";
				SWIFT_EMIT_LOC_STRINGS = YES;
				SWIFT_VERSION = 5.0;
				TARGETED_DEVICE_FAMILY = "1,2";
			};
			name = Debug;
		};
		C009044C2A0C089B008E31BA /* Release */ = {
			isa = XCBuildConfiguration;
			buildSettings = {
				ASSETCATALOG_COMPILER_APPICON_NAME = AppIcon;
				ASSETCATALOG_COMPILER_GLOBAL_ACCENT_COLOR_NAME = AccentColor;
				CODE_SIGN_STYLE = Automatic;
				CURRENT_PROJECT_VERSION = 1;
				DEVELOPMENT_TEAM = 5J2G4846S8;
				GENERATE_INFOPLIST_FILE = YES;
				INFOPLIST_FILE = PopulationApp/Info.plist;
				INFOPLIST_KEY_UIApplicationSupportsIndirectInputEvents = YES;
				INFOPLIST_KEY_UILaunchStoryboardName = LaunchScreen;
				INFOPLIST_KEY_UISupportedInterfaceOrientations_iPad = "UIInterfaceOrientationPortrait UIInterfaceOrientationPortraitUpsideDown UIInterfaceOrientationLandscapeLeft UIInterfaceOrientationLandscapeRight";
				INFOPLIST_KEY_UISupportedInterfaceOrientations_iPhone = "UIInterfaceOrientationPortrait UIInterfaceOrientationLandscapeLeft UIInterfaceOrientationLandscapeRight";
				LD_RUNPATH_SEARCH_PATHS = (
					"$(inherited)",
					"@executable_path/Frameworks",
				);
				MARKETING_VERSION = 1.0;
				PRODUCT_BUNDLE_IDENTIFIER = "alancasasarevalo-gmail.com.PopulationApp";
				PRODUCT_NAME = "$(TARGET_NAME)";
				SWIFT_EMIT_LOC_STRINGS = YES;
				SWIFT_VERSION = 5.0;
				TARGETED_DEVICE_FAMILY = "1,2";
			};
			name = Release;
		};
		C00908642A0D42F8008E31BA /* Debug */ = {
			isa = XCBuildConfiguration;
			buildSettings = {
				BUNDLE_LOADER = "$(TEST_HOST)";
				CODE_SIGN_STYLE = Automatic;
				CURRENT_PROJECT_VERSION = 1;
				DEVELOPMENT_TEAM = 5J2G4846S8;
				GENERATE_INFOPLIST_FILE = YES;
				MARKETING_VERSION = 1.0;
				PRODUCT_BUNDLE_IDENTIFIER = "alancasasarevalo-gmail.com.PopulationAppTests";
				PRODUCT_NAME = "$(TARGET_NAME)";
				SWIFT_EMIT_LOC_STRINGS = NO;
				SWIFT_VERSION = 5.0;
				TARGETED_DEVICE_FAMILY = "1,2";
				TEST_HOST = "$(BUILT_PRODUCTS_DIR)/PopulationApp.app/$(BUNDLE_EXECUTABLE_FOLDER_PATH)/PopulationApp";
			};
			name = Debug;
		};
		C00908652A0D42F8008E31BA /* Release */ = {
			isa = XCBuildConfiguration;
			buildSettings = {
				BUNDLE_LOADER = "$(TEST_HOST)";
				CODE_SIGN_STYLE = Automatic;
				CURRENT_PROJECT_VERSION = 1;
				DEVELOPMENT_TEAM = 5J2G4846S8;
				GENERATE_INFOPLIST_FILE = YES;
				MARKETING_VERSION = 1.0;
				PRODUCT_BUNDLE_IDENTIFIER = "alancasasarevalo-gmail.com.PopulationAppTests";
				PRODUCT_NAME = "$(TARGET_NAME)";
				SWIFT_EMIT_LOC_STRINGS = NO;
				SWIFT_VERSION = 5.0;
				TARGETED_DEVICE_FAMILY = "1,2";
				TEST_HOST = "$(BUILT_PRODUCTS_DIR)/PopulationApp.app/$(BUNDLE_EXECUTABLE_FOLDER_PATH)/PopulationApp";
			};
			name = Release;
		};
/* End XCBuildConfiguration section */

/* Begin XCConfigurationList section */
		C00904312A0C089A008E31BA /* Build configuration list for PBXProject "PopulationApp" */ = {
			isa = XCConfigurationList;
			buildConfigurations = (
				C00904482A0C089B008E31BA /* Debug */,
				C00904492A0C089B008E31BA /* Release */,
			);
			defaultConfigurationIsVisible = 0;
			defaultConfigurationName = Release;
		};
		C009044A2A0C089B008E31BA /* Build configuration list for PBXNativeTarget "PopulationApp" */ = {
			isa = XCConfigurationList;
			buildConfigurations = (
				C009044B2A0C089B008E31BA /* Debug */,
				C009044C2A0C089B008E31BA /* Release */,
			);
			defaultConfigurationIsVisible = 0;
			defaultConfigurationName = Release;
		};
		C00908632A0D42F8008E31BA /* Build configuration list for PBXNativeTarget "PopulationAppTests" */ = {
			isa = XCConfigurationList;
			buildConfigurations = (
				C00908642A0D42F8008E31BA /* Debug */,
				C00908652A0D42F8008E31BA /* Release */,
			);
			defaultConfigurationIsVisible = 0;
			defaultConfigurationName = Release;
		};
/* End XCConfigurationList section */
	};
	rootObject = C009042E2A0C089A008E31BA /* Project object */;
}
